
Microsoft Visual Studio Solution File, Format Version 12.00
# Visual Studio Version 17
VisualStudioVersion = 17.5.002.0
MinimumVisualStudioVersion = 10.0.40219.1
Project("{9A19103F-16F7-4668-BE54-9A1E7A4F7556}") = "StarShardMetaProgression", "StarShardMetaProgression.csproj", "{B961B71F-EF5D-4F17-A187-5EEC14A6ACF0}"
EndProject
Global
	GlobalSection(SolutionConfigurationPlatforms) = preSolution
		Debug|Any CPU = Debug|Any CPU
		Release|Any CPU = Release|Any CPU
	EndGlobalSection
	GlobalSection(ProjectConfigurationPlatforms) = postSolution
		{B961B71F-EF5D-4F17-A187-5EEC14A6ACF0}.Debug|Any CPU.ActiveCfg = Debug|Any CPU
		{B961B71F-EF5D-4F17-A187-5EEC14A6ACF0}.Debug|Any CPU.Build.0 = Debug|Any CPU
		{B961B71F-EF5D-4F17-A187-5EEC14A6ACF0}.Release|Any CPU.ActiveCfg = Release|Any CPU
		{B961B71F-EF5D-4F17-A187-5EEC14A6ACF0}.Release|Any CPU.Build.0 = Release|Any CPU
	EndGlobalSection
	GlobalSection(SolutionProperties) = preSolution
		HideSolutionNode = FALSE
	EndGlobalSection
	GlobalSection(ExtensibilityGlobals) = postSolution
		SolutionGuid = {1EE4E9B9-D8F0-487D-9C28-DBE9E94B4FFE}
	EndGlobalSection
EndGlobal
